
Microsoft Visual Studio Solution File, Format Version 12.00
# Visual Studio Version 17
VisualStudioVersion = 17.9.34728.123
MinimumVisualStudioVersion = 10.0.40219.1
Project("{FAE04EC0-301F-11D3-BF4B-00C04F79EFBC}") = "ConsoleApp1", "ConsoleApp1\ConsoleApp1.csproj", "{384F8C26-DFE0-456D-B526-027071A3273C}"
EndProject
Global
	GlobalSection(SolutionConfigurationPlatforms) = preSolution
		Debug|Any CPU = Debug|Any CPU
		Release|Any CPU = Release|Any CPU
	EndGlobalSection
	GlobalSection(ProjectConfigurationPlatforms) = postSolution
		{384F8C26-DFE0-456D-B526-027071A3273C}.Debug|Any CPU.ActiveCfg = Debug|Any CPU
		{384F8C26-DFE0-456D-B526-027071A3273C}.Debug|Any CPU.Build.0 = Debug|Any CPU
		{384F8C26-DFE0-456D-B526-027071A3273C}.Release|Any CPU.ActiveCfg = Release|Any CPU
		{384F8C26-DFE0-456D-B526-027071A3273C}.Release|Any CPU.Build.0 = Release|Any CPU
	EndGlobalSection
	GlobalSection(SolutionProperties) = preSolution
		HideSolutionNode = FALSE
	EndGlobalSection
	GlobalSection(ExtensibilityGlobals) = postSolution
		SolutionGuid = {3CB60AC5-1259-4421-9F7C-4CA14DA46330}
	EndGlobalSection
EndGlobal
